{
  "name": "rei-cedar-sketch-tokens.sketchplugin",
  "version": "1.0.0",
  "lockfileVersion": 1,
  "requires": true,
  "dependencies": {
    "@rei/cdr-tokens": {
      "version": "1.1.1",
      "resolved": "https://registry.npmjs.org/@rei/cdr-tokens/-/cdr-tokens-1.1.1.tgz",
      "integrity": "sha512-5lFZ9rq0jXKh/YD0tJU75qsMvtpH1AFqEDrjp9XONVuT4daAUCJCl2mXOL5cZMGevpnsNlljoAnJl7A1DSmjCw=="
    }
  }
}
